
Microsoft Visual Studio Solution File, Format Version 12.00
Project("{FAE04EC0-301F-11D3-BF4B-00C04F79EFBC}") = "DC.Akka.Projections", "src\DC.Akka.Projections\DC.Akka.Projections.csproj", "{A57222F4-F642-4569-8E15-FB304AB7F036}"
EndProject
Project("{FAE04EC0-301F-11D3-BF4B-00C04F79EFBC}") = "DC.Akka.Projections.Storage.RavenDb", "src\DC.Akka.Projections.Storage.RavenDb\DC.Akka.Projections.Storage.RavenDb.csproj", "{1E8ED6B9-4150-43E4-9773-680416823646}"
EndProject
Project("{FAE04EC0-301F-11D3-BF4B-00C04F79EFBC}") = "DC.Akka.Projections.Cluster.Sharding", "src\DC.Akka.Projections.Cluster.Sharding\DC.Akka.Projections.Cluster.Sharding.csproj", "{1E7B1CAA-2B17-4007-873E-9CDA204D0310}"
EndProject
Project("{2150E333-8FDC-42A3-9474-1A3956D46DE8}") = "tests", "tests", "{F80B7828-7152-4FD3-B882-C80EF0CAEE3E}"
EndProject
Project("{FAE04EC0-301F-11D3-BF4B-00C04F79EFBC}") = "DC.Akka.Projections.Tests", "tests\DC.Akka.Projections.Tests\DC.Akka.Projections.Tests.csproj", "{B6378B10-0320-4AD9-AF8B-C0735DC43D22}"
EndProject
Project("{2150E333-8FDC-42A3-9474-1A3956D46DE8}") = "build", "build", "{6BEC8584-0123-4895-8898-7173AE04BF04}"
	ProjectSection(SolutionItems) = preProject
		README.md = README.md
		Makefile = Makefile
		LICENSE = LICENSE
		.github\workflows\publish-to-nuget.yml = .github\workflows\publish-to-nuget.yml
								.github\workflows\test-pull-requests.yml = .github\workflows\test-pull-requests.yml
								.github\main.workflow = .github\main.workflow
								.gitignore = .gitignore
	EndProjectSection
EndProject
Project("{FAE04EC0-301F-11D3-BF4B-00C04F79EFBC}") = "DC.Akka.Projections.Storage.InfluxDb", "src\DC.Akka.Projections.Storage.InfluxDb\DC.Akka.Projections.Storage.InfluxDb.csproj", "{E477DE81-8A6D-4966-8CAD-D8C4DD29A2C8}"
EndProject
Global
	GlobalSection(SolutionConfigurationPlatforms) = preSolution
		Debug|Any CPU = Debug|Any CPU
		Release|Any CPU = Release|Any CPU
	EndGlobalSection
	GlobalSection(ProjectConfigurationPlatforms) = postSolution
		{A57222F4-F642-4569-8E15-FB304AB7F036}.Debug|Any CPU.ActiveCfg = Debug|Any CPU
		{A57222F4-F642-4569-8E15-FB304AB7F036}.Debug|Any CPU.Build.0 = Debug|Any CPU
		{A57222F4-F642-4569-8E15-FB304AB7F036}.Release|Any CPU.ActiveCfg = Release|Any CPU
		{A57222F4-F642-4569-8E15-FB304AB7F036}.Release|Any CPU.Build.0 = Release|Any CPU
		{1E8ED6B9-4150-43E4-9773-680416823646}.Debug|Any CPU.ActiveCfg = Debug|Any CPU
		{1E8ED6B9-4150-43E4-9773-680416823646}.Debug|Any CPU.Build.0 = Debug|Any CPU
		{1E8ED6B9-4150-43E4-9773-680416823646}.Release|Any CPU.ActiveCfg = Release|Any CPU
		{1E8ED6B9-4150-43E4-9773-680416823646}.Release|Any CPU.Build.0 = Release|Any CPU
		{1E7B1CAA-2B17-4007-873E-9CDA204D0310}.Debug|Any CPU.ActiveCfg = Debug|Any CPU
		{1E7B1CAA-2B17-4007-873E-9CDA204D0310}.Debug|Any CPU.Build.0 = Debug|Any CPU
		{1E7B1CAA-2B17-4007-873E-9CDA204D0310}.Release|Any CPU.ActiveCfg = Release|Any CPU
		{1E7B1CAA-2B17-4007-873E-9CDA204D0310}.Release|Any CPU.Build.0 = Release|Any CPU
		{B6378B10-0320-4AD9-AF8B-C0735DC43D22}.Debug|Any CPU.ActiveCfg = Debug|Any CPU
		{B6378B10-0320-4AD9-AF8B-C0735DC43D22}.Debug|Any CPU.Build.0 = Debug|Any CPU
		{B6378B10-0320-4AD9-AF8B-C0735DC43D22}.Release|Any CPU.ActiveCfg = Release|Any CPU
		{B6378B10-0320-4AD9-AF8B-C0735DC43D22}.Release|Any CPU.Build.0 = Release|Any CPU
		{E477DE81-8A6D-4966-8CAD-D8C4DD29A2C8}.Debug|Any CPU.ActiveCfg = Debug|Any CPU
		{E477DE81-8A6D-4966-8CAD-D8C4DD29A2C8}.Debug|Any CPU.Build.0 = Debug|Any CPU
		{E477DE81-8A6D-4966-8CAD-D8C4DD29A2C8}.Release|Any CPU.ActiveCfg = Release|Any CPU
		{E477DE81-8A6D-4966-8CAD-D8C4DD29A2C8}.Release|Any CPU.Build.0 = Release|Any CPU
	EndGlobalSection
	GlobalSection(NestedProjects) = preSolution
		{B6378B10-0320-4AD9-AF8B-C0735DC43D22} = {F80B7828-7152-4FD3-B882-C80EF0CAEE3E}
	EndGlobalSection
EndGlobal
